<?xml version="1.0" encoding="utf-8"?>
<Project ToolsVersion="4.0" xmlns="http://schemas.microsoft.com/developer/msbuild/2003">
  <ItemGroup>
    <Filter Include="Source Files">
      <UniqueIdentifier>{4FC737F1-C7A5-4376-A066-2A32D752A2FF}</UniqueIdentifier>
      <Extensions>cpp;c;cc;cxx;def;odl;idl;hpj;bat;asm;asmx</Extensions>
    </Filter>
    <Filter Include="Header Files">
      <UniqueIdentifier>{93995380-89BD-4b04-88EB-625FBE52EBFB}</UniqueIdentifier>
      <Extensions>h;hh;hpp;hxx;hm;inl;inc;xsd</Extensions>
    </Filter>
    <Filter Include="Resource Files">
      <UniqueIdentifier>{67DA6AB6-F800-4c08-8B7A-83BB121AAD01}</UniqueIdentifier>
      <Extensions>rc;ico;cur;bmp;dlg;rc2;rct;bin;rgs;gif;jpg;jpeg;jpe;resx;tiff;tif;png;wav</Extensions>
    </Filter>
  </ItemGroup>
  <ItemGroup>
    <ClCompile Include="core\Game.cpp">
      <Filter>Source Files</Filter>
    </ClCompile>
    <ClCompile Include="core\Globals.cpp">
      <Filter>Source Files</Filter>
    </ClCompile>
    <ClCompile Include="core\main.cpp">
      <Filter>Source Files</Filter>
    </ClCompile>
    <ClCompile Include="core\Util.cpp">
      <Filter>Source Files</Filter>
    </ClCompile>
    <ClCompile Include="inventory\Inventory.cpp">
      <Filter>Source Files</Filter>
    </ClCompile>
    <ClCompile Include="inventory\Item.cpp">
      <Filter>Source Files</Filter>
    </ClCompile>
    <ClCompile Include="inventory\ShopManager.cpp">
      <Filter>Source Files</Filter>
    </ClCompile>
    <ClCompile Include="ui\UIAttributeMeter.cpp">
      <Filter>Source Files</Filter>
    </ClCompile>
    <ClCompile Include="ui\UIButton.cpp">
      <Filter>Source Files</Filter>
    </ClCompile>
    <ClCompile Include="ui\UICommandPrompt.cpp">
      <Filter>Source Files</Filter>
    </ClCompile>
    <ClCompile Include="ui\UIElement.cpp">
      <Filter>Source Files</Filter>
    </ClCompile>
    <ClCompile Include="ui\UIHandler.cpp">
      <Filter>Source Files</Filter>
    </ClCompile>
    <ClCompile Include="ui\UIInventoryInterface.cpp">
      <Filter>Source Files</Filter>
    </ClCompile>
    <ClCompile Include="ui\UIMenu.cpp">
      <Filter>Source Files</Filter>
    </ClCompile>
    <ClCompile Include="ui\UIMessageDisplay.cpp">
      <Filter>Source Files</Filter>
    </ClCompile>
    <ClCompile Include="ui\UIShopInterface.cpp">
      <Filter>Source Files</Filter>
    </ClCompile>
    <ClCompile Include="ui\UITextField.cpp">
      <Filter>Source Files</Filter>
    </ClCompile>
    <ClCompile Include="world\World.cpp">
      <Filter>Source Files</Filter>
    </ClCompile>
    <ClCompile Include="world\entities\Cactoid.cpp">
      <Filter>Source Files</Filter>
    </ClCompile>
    <ClCompile Include="world\entities\Cactus.cpp">
      <Filter>Source Files</Filter>
    </ClCompile>
    <ClCompile Include="world\entities\DamageParticle.cpp">
      <Filter>Source Files</Filter>
    </ClCompile>
    <ClCompile Include="world\entities\DroppedItem.cpp">
      <Filter>Source Files</Filter>
    </ClCompile>
    <ClCompile Include="world\entities\Entity.cpp">
      <Filter>Source Files</Filter>
    </ClCompile>
    <ClCompile Include="world\entities\Frog.cpp">
      <Filter>Source Files</Filter>
    </ClCompile>
    <ClCompile Include="world\entities\LargeSavannaTree.cpp">
      <Filter>Source Files</Filter>
    </ClCompile>
    <ClCompile Include="world\entities\Penguin.cpp">
      <Filter>Source Files</Filter>
    </ClCompile>
    <ClCompile Include="world\entities\PlantMan.cpp">
      <Filter>Source Files</Filter>
    </ClCompile>
    <ClCompile Include="world\entities\Player.cpp">
      <Filter>Source Files</Filter>
    </ClCompile>
    <ClCompile Include="world\entities\ShopArrow.cpp">
      <Filter>Source Files</Filter>
    </ClCompile>
    <ClCompile Include="world\entities\ShopCounter.cpp">
      <Filter>Source Files</Filter>
    </ClCompile>
    <ClCompile Include="world\entities\ShopExterior.cpp">
      <Filter>Source Files</Filter>
    </ClCompile>
    <ClCompile Include="world\entities\ShopInterior.cpp">
      <Filter>Source Files</Filter>
    </ClCompile>
    <ClCompile Include="world\entities\ShopKeep.cpp">
      <Filter>Source Files</Filter>
    </ClCompile>
    <ClCompile Include="world\entities\SmallSavannaTree.cpp">
      <Filter>Source Files</Filter>
    </ClCompile>
    <ClCompile Include="world\entities\SmallTree.cpp">
      <Filter>Source Files</Filter>
    </ClCompile>
    <ClCompile Include="world\entities\SmallTundraTree.cpp">
      <Filter>Source Files</Filter>
    </ClCompile>
    <ClCompile Include="world\entities\SnowMan.cpp">
      <Filter>Source Files</Filter>
    </ClCompile>
    <ClCompile Include="world\entities\TallGrass.cpp">
      <Filter>Source Files</Filter>
    </ClCompile>
    <ClCompile Include="world\entities\Turtle.cpp">
      <Filter>Source Files</Filter>
    </ClCompile>
    <ClCompile Include="world\entities\Yeti.cpp">
      <Filter>Source Files</Filter>
    </ClCompile>
    <ClCompile Include="world\entities\orbiters\Orbiter.cpp">
      <Filter>Source Files</Filter>
    </ClCompile>
    <ClCompile Include="world\entities\orbiters\OrbiterType.cpp">
      <Filter>Source Files</Filter>
    </ClCompile>
    <ClCompile Include="world\entities\projectiles\Projectile.cpp">
      <Filter>Source Files</Filter>
    </ClCompile>
    <ClCompile Include="world\entities\Dog.cpp">
      <Filter>Source Files</Filter>
    </ClCompile>
    <ClCompile Include="world\entities\Skeleton.cpp">
      <Filter>Source Files</Filter>
    </ClCompile>
    <ClCompile Include="ui\UILabel.cpp">
      <Filter>Source Files</Filter>
    </ClCompile>
    <ClCompile Include="world\entities\Shark.cpp">
      <Filter>Source Files</Filter>
    </ClCompile>
    <ClCompile Include="soloud\audiosource\monotone\soloud_monotone.cpp">
      <Filter>Source Files</Filter>
    </ClCompile>
    <ClCompile Include="soloud\audiosource\noise\soloud_noise.cpp">
      <Filter>Source Files</Filter>
    </ClCompile>
    <ClCompile Include="soloud\audiosource\openmpt\soloud_openmpt.cpp">
      <Filter>Source Files</Filter>
    </ClCompile>
    <ClCompile Include="soloud\audiosource\openmpt\soloud_openmpt_dll.c">
      <Filter>Source Files</Filter>
    </ClCompile>
    <ClCompile Include="soloud\audiosource\sfxr\soloud_sfxr.cpp">
      <Filter>Source Files</Filter>
    </ClCompile>
    <ClCompile Include="soloud\audiosource\speech\darray.cpp">
      <Filter>Source Files</Filter>
    </ClCompile>
    <ClCompile Include="soloud\audiosource\speech\klatt.cpp">
      <Filter>Source Files</Filter>
    </ClCompile>
    <ClCompile Include="soloud\audiosource\speech\resonator.cpp">
      <Filter>Source Files</Filter>
    </ClCompile>
    <ClCompile Include="soloud\audiosource\speech\soloud_speech.cpp">
      <Filter>Source Files</Filter>
    </ClCompile>
    <ClCompile Include="soloud\audiosource\speech\tts.cpp">
      <Filter>Source Files</Filter>
    </ClCompile>
    <ClCompile Include="soloud\audiosource\vic\soloud_vic.cpp">
      <Filter>Source Files</Filter>
    </ClCompile>
    <ClCompile Include="soloud\audiosource\vizsn\soloud_vizsn.cpp">
      <Filter>Source Files</Filter>
    </ClCompile>
    <ClCompile Include="soloud\audiosource\wav\dr_impl.cpp">
      <Filter>Source Files</Filter>
    </ClCompile>
    <ClCompile Include="soloud\audiosource\wav\soloud_wav.cpp">
      <Filter>Source Files</Filter>
    </ClCompile>
    <ClCompile Include="soloud\audiosource\wav\soloud_wavstream.cpp">
      <Filter>Source Files</Filter>
    </ClCompile>
    <ClCompile Include="soloud\audiosource\wav\stb_vorbis.c">
      <Filter>Source Files</Filter>
    </ClCompile>
    <ClCompile Include="soloud\backend\alsa\soloud_alsa.cpp">
      <Filter>Source Files</Filter>
    </ClCompile>
    <ClCompile Include="soloud\backend\coreaudio\soloud_coreaudio.cpp">
      <Filter>Source Files</Filter>
    </ClCompile>
    <ClCompile Include="soloud\backend\jack\soloud_jack.cpp">
      <Filter>Source Files</Filter>
    </ClCompile>
    <ClCompile Include="soloud\backend\miniaudio\soloud_miniaudio.cpp">
      <Filter>Source Files</Filter>
    </ClCompile>
    <ClCompile Include="soloud\backend\nosound\soloud_nosound.cpp">
      <Filter>Source Files</Filter>
    </ClCompile>
    <ClCompile Include="soloud\backend\null\soloud_null.cpp">
      <Filter>Source Files</Filter>
    </ClCompile>
    <ClCompile Include="soloud\backend\openal\soloud_openal.cpp">
      <Filter>Source Files</Filter>
    </ClCompile>
    <ClCompile Include="soloud\backend\openal\soloud_openal_dll.c">
      <Filter>Source Files</Filter>
    </ClCompile>
    <ClCompile Include="soloud\backend\opensles\soloud_opensles.cpp">
      <Filter>Source Files</Filter>
    </ClCompile>
    <ClCompile Include="soloud\backend\oss\soloud_oss.cpp">
      <Filter>Source Files</Filter>
    </ClCompile>
    <ClCompile Include="soloud\backend\portaudio\soloud_portaudio.cpp">
      <Filter>Source Files</Filter>
    </ClCompile>
    <ClCompile Include="soloud\backend\portaudio\soloud_portaudio_dll.c">
      <Filter>Source Files</Filter>
    </ClCompile>
    <ClCompile Include="soloud\backend\sdl\soloud_sdl1.cpp">
      <Filter>Source Files</Filter>
    </ClCompile>
    <ClCompile Include="soloud\backend\sdl\soloud_sdl1_dll.c">
      <Filter>Source Files</Filter>
    </ClCompile>
    <ClCompile Include="soloud\backend\sdl\soloud_sdl2.cpp">
      <Filter>Source Files</Filter>
    </ClCompile>
    <ClCompile Include="soloud\backend\sdl\soloud_sdl2_dll.c">
      <Filter>Source Files</Filter>
    </ClCompile>
    <ClCompile Include="soloud\backend\sdl_static\soloud_sdl_static.cpp">
      <Filter>Source Files</Filter>
    </ClCompile>
    <ClCompile Include="soloud\backend\sdl2_static\soloud_sdl2_static.cpp">
      <Filter>Source Files</Filter>
    </ClCompile>
    <ClCompile Include="soloud\backend\vita_homebrew\soloud_vita_homebrew.cpp">
      <Filter>Source Files</Filter>
    </ClCompile>
    <ClCompile Include="soloud\backend\wasapi\soloud_wasapi.cpp">
      <Filter>Source Files</Filter>
    </ClCompile>
    <ClCompile Include="soloud\backend\winmm\soloud_winmm.cpp">
      <Filter>Source Files</Filter>
    </ClCompile>
    <ClCompile Include="soloud\backend\xaudio2\soloud_xaudio2.cpp">
      <Filter>Source Files</Filter>
    </ClCompile>
    <ClCompile Include="soloud\core\soloud.cpp">
      <Filter>Source Files</Filter>
    </ClCompile>
    <ClCompile Include="soloud\core\soloud_audiosource.cpp">
      <Filter>Source Files</Filter>
    </ClCompile>
    <ClCompile Include="soloud\core\soloud_bus.cpp">
      <Filter>Source Files</Filter>
    </ClCompile>
    <ClCompile Include="soloud\core\soloud_core_3d.cpp">
      <Filter>Source Files</Filter>
    </ClCompile>
    <ClCompile Include="soloud\core\soloud_core_basicops.cpp">
      <Filter>Source Files</Filter>
    </ClCompile>
    <ClCompile Include="soloud\core\soloud_core_faderops.cpp">
      <Filter>Source Files</Filter>
    </ClCompile>
    <ClCompile Include="soloud\core\soloud_core_filterops.cpp">
      <Filter>Source Files</Filter>
    </ClCompile>
    <ClCompile Include="soloud\core\soloud_core_getters.cpp">
      <Filter>Source Files</Filter>
    </ClCompile>
    <ClCompile Include="soloud\core\soloud_core_setters.cpp">
      <Filter>Source Files</Filter>
    </ClCompile>
    <ClCompile Include="soloud\core\soloud_core_voicegroup.cpp">
      <Filter>Source Files</Filter>
    </ClCompile>
    <ClCompile Include="soloud\core\soloud_core_voiceops.cpp">
      <Filter>Source Files</Filter>
    </ClCompile>
    <ClCompile Include="soloud\core\soloud_fader.cpp">
      <Filter>Source Files</Filter>
    </ClCompile>
    <ClCompile Include="soloud\core\soloud_fft.cpp">
      <Filter>Source Files</Filter>
    </ClCompile>
    <ClCompile Include="soloud\core\soloud_fft_lut.cpp">
      <Filter>Source Files</Filter>
    </ClCompile>
    <ClCompile Include="soloud\core\soloud_file.cpp">
      <Filter>Source Files</Filter>
    </ClCompile>
    <ClCompile Include="soloud\core\soloud_filter.cpp">
      <Filter>Source Files</Filter>
    </ClCompile>
    <ClCompile Include="soloud\core\soloud_misc.cpp">
      <Filter>Source Files</Filter>
    </ClCompile>
    <ClCompile Include="soloud\core\soloud_queue.cpp">
      <Filter>Source Files</Filter>
    </ClCompile>
    <ClCompile Include="soloud\core\soloud_thread.cpp">
      <Filter>Source Files</Filter>
    </ClCompile>
    <ClCompile Include="soloud\filter\soloud_bassboostfilter.cpp">
      <Filter>Source Files</Filter>
    </ClCompile>
    <ClCompile Include="soloud\filter\soloud_biquadresonantfilter.cpp">
      <Filter>Source Files</Filter>
    </ClCompile>
    <ClCompile Include="soloud\filter\soloud_dcremovalfilter.cpp">
      <Filter>Source Files</Filter>
    </ClCompile>
    <ClCompile Include="soloud\filter\soloud_echofilter.cpp">
      <Filter>Source Files</Filter>
    </ClCompile>
    <ClCompile Include="soloud\filter\soloud_fftfilter.cpp">
      <Filter>Source Files</Filter>
    </ClCompile>
    <ClCompile Include="soloud\filter\soloud_flangerfilter.cpp">
      <Filter>Source Files</Filter>
    </ClCompile>
    <ClCompile Include="soloud\filter\soloud_freeverbfilter.cpp">
      <Filter>Source Files</Filter>
    </ClCompile>
    <ClCompile Include="soloud\filter\soloud_lofifilter.cpp">
      <Filter>Source Files</Filter>
    </ClCompile>
    <ClCompile Include="soloud\filter\soloud_robotizefilter.cpp">
      <Filter>Source Files</Filter>
    </ClCompile>
    <ClCompile Include="soloud\filter\soloud_waveshaperfilter.cpp">
      <Filter>Source Files</Filter>
    </ClCompile>
    <ClCompile Include="core\ShaderManager.cpp">
      <Filter>Source Files</Filter>
    </ClCompile>
    <ClCompile Include="core\Versioning.cpp">
      <Filter>Source Files</Filter>
    </ClCompile>
    <ClCompile Include="world\entities\BarberExterior.cpp">
      <Filter>Source Files</Filter>
    </ClCompile>
    <ClCompile Include="world\entities\FingerTree.cpp">
      <Filter>Source Files</Filter>
    </ClCompile>
    <ClCompile Include="world\entities\BarberInterior.cpp">
      <Filter>Source Files</Filter>
    </ClCompile>
    <ClCompile Include="world\entities\BarberCounter.cpp">
      <Filter>Source Files</Filter>
    </ClCompile>
    <ClCompile Include="world\entities\BarberChair.cpp">
      <Filter>Source Files</Filter>
    </ClCompile>
    <ClCompile Include="world\entities\HairyEntity.cpp">
      <Filter>Source Files</Filter>
    </ClCompile>
    <ClCompile Include="inventory\hair\Hairstyle.cpp">
      <Filter>Source Files</Filter>
    </ClCompile>
    <ClCompile Include="world\entities\Cyclops.cpp">
      <Filter>Source Files</Filter>
    </ClCompile>
    <ClCompile Include="ui\UIGamepadBindingButton.cpp">
      <Filter>Source Files</Filter>
    </ClCompile>
    <ClCompile Include="ui\UIKeyboardBindingButton.cpp">
      <Filter>Source Files</Filter>
    </ClCompile>
    <ClCompile Include="world\entities\CheeseBoss.cpp">
      <Filter>Source Files</Filter>
    </ClCompile>
    <ClCompile Include="world\entities\Boss.cpp">
      <Filter>Source Files</Filter>
    </ClCompile>
    <ClCompile Include="statistics\StatManager.cpp">
      <Filter>Source Files</Filter>
    </ClCompile>
    <ClCompile Include="world\entities\FleshChicken.cpp">
      <Filter>Source Files</Filter>
    </ClCompile>
    <ClCompile Include="world\entities\CannonBoss.cpp">
      <Filter>Source Files</Filter>
    </ClCompile>
    <ClCompile Include="statistics\AchievementManager.cpp">
      <Filter>Source Files</Filter>
    </ClCompile>
    <ClCompile Include="inventory\abilities\Ability.cpp">
      <Filter>Source Files</Filter>
    </ClCompile>
    <ClCompile Include="inventory\abilities\AbilityManager.cpp">
      <Filter>Source Files</Filter>
    </ClCompile>
    <ClCompile Include="core\music\MusicManager.cpp">
      <Filter>Source Files</Filter>
    </ClCompile>
    <ClCompile Include="world\entities\LogMonster.cpp">
      <Filter>Source Files</Filter>
    </ClCompile>
    <ClCompile Include="world\entities\projectiles\ProjectilePoolManager.cpp">
      <Filter>Source Files</Filter>
    </ClCompile>
    <ClCompile Include="world\entities\BoulderBeast.cpp">
      <Filter>Source Files</Filter>
    </ClCompile>
    <ClCompile Include="world\entities\TulipMonster.cpp">
      <Filter>Source Files</Filter>
    </ClCompile>
    <ClCompile Include="world\entities\projectiles\ProjectileDataManager.cpp">
      <Filter>Source Files</Filter>
    </ClCompile>
    <ClCompile Include="mod\ModManager.cpp">
      <Filter>Source Files</Filter>
    </ClCompile>
    <ClCompile Include="mod\Interpreter.cpp">
      <Filter>Source Files</Filter>
    </ClCompile>
    <ClCompile Include="inventory\effect\PlayerVisualEffectManager.cpp">
      <Filter>Source Files</Filter>
    </ClCompile>
    <ClCompile Include="world\entities\TreeBoss.cpp">
      <Filter>Source Files</Filter>
    </ClCompile>
    <ClCompile Include="world\entities\CreamBoss.cpp">
      <Filter>Source Files</Filter>
    </ClCompile>
    <ClCompile Include="world\entities\CreamDropper.cpp">
      <Filter>Source Files</Filter>
    </ClCompile>
    <ClCompile Include="world\entities\CreamDrop.cpp">
      <Filter>Source Files</Filter>
    </ClCompile>
    <ClCompile Include="world\entities\Altar.cpp">
      <Filter>Source Files</Filter>
    </ClCompile>
    <ClCompile Include="world\entities\AltarArrow.cpp">
      <Filter>Source Files</Filter>
    </ClCompile>
    <ClCompile Include="world\entities\Lightning.cpp">
      <Filter>Source Files</Filter>
    </ClCompile>
    <ClCompile Include="mod\ScriptExtensions.cpp">
      <Filter>Source Files</Filter>
    </ClCompile>
    <ClCompile Include="world\entities\ShopKeepCorpse.cpp">
      <Filter>Source Files</Filter>
    </ClCompile>
    <ClCompile Include="world\entities\ChefBoss.cpp">
      <Filter>Source Files</Filter>
    </ClCompile>
    <ClCompile Include="ui\UISlider.cpp">
      <Filter>Source Files</Filter>
    </ClCompile>
    <ClCompile Include="world\entities\BurgerBeast.cpp">
      <Filter>Source Files</Filter>
    </ClCompile>
    <ClCompile Include="world\entities\Explosion.cpp">
      <Filter>Source Files</Filter>
    </ClCompile>
    <ClCompile Include="world\entities\BombBoy.cpp">
      <Filter>Source Files</Filter>
    </ClCompile>
    <ClCompile Include="world\entities\MegaBombBoy.cpp">
      <Filter>Source Files</Filter>
    </ClCompile>
    <ClCompile Include="mod\byrgo\Bygro.cpp">
      <Filter>Source Files</Filter>
    </ClCompile>
    <ClCompile Include="mod\byrgo\Compiler.cpp">
      <Filter>Source Files</Filter>
    </ClCompile>
    <ClCompile Include="mod\byrgo\Parser.cpp">
      <Filter>Source Files</Filter>
    </ClCompile>
    <ClCompile Include="mod\byrgo\Tokenizer.cpp">
      <Filter>Source Files</Filter>
    </ClCompile>
    <ClCompile Include="world\entities\FallingNuke.cpp">
      <Filter>Source Files</Filter>
    </ClCompile>
    <ClCompile Include="world\entities\FallingObjectShadow.cpp">
      <Filter>Source Files</Filter>
    </ClCompile>
    <ClCompile Include="world\entities\Soldier.cpp">
      <Filter>Source Files</Filter>
    </ClCompile>
    <ClCompile Include="world\entities\BabyBoss.cpp">
      <Filter>Source Files</Filter>
    </ClCompile>
    <ClCompile Include="world\entities\BigSnowMan.cpp">
      <Filter>Source Files</Filter>
    </ClCompile>
    <ClCompile Include="world\entities\BeeFamiliar.cpp">
      <Filter>Source Files</Filter>
    </ClCompile>
    <ClCompile Include="world\entities\TeethBoss.cpp">
      <Filter>Source Files</Filter>
    </ClCompile>
    <ClCompile Include="inventory\ConditionalUnlockManager.cpp">
      <Filter>Source Files</Filter>
    </ClCompile>
    <ClCompile Include="ui\UIItemCatalogue.cpp">
      <Filter>Source Files</Filter>
    </ClCompile>
    <ClCompile Include="world\entities\ShopATM.cpp">
      <Filter>Source Files</Filter>
    </ClCompile>
    <ClCompile Include="world\entities\MushroomBoss.cpp">
      <Filter>Source Files</Filter>
    </ClCompile>
    <ClCompile Include="world\entities\SwellingShroom.cpp">
      <Filter>Source Files</Filter>
    </ClCompile>
    <ClCompile Include="world\entities\Spore.cpp">
      <Filter>Source Files</Filter>
    </ClCompile>
    <ClCompile Include="world\entities\SmallMushroom.cpp">
      <Filter>Source Files</Filter>
    </ClCompile>
    <ClCompile Include="world\entities\LargeMushroom.cpp">
      <Filter>Source Files</Filter>
    </ClCompile>
    <ClCompile Include="world\entities\Bouncer.cpp">
      <Filter>Source Files</Filter>
    </ClCompile>
  </ItemGroup>
  <ItemGroup>
    <ClInclude Include="core\Game.h">
      <Filter>Header Files</Filter>
    </ClInclude>
    <ClInclude Include="core\Globals.h">
      <Filter>Header Files</Filter>
    </ClInclude>
    <ClInclude Include="core\MessageManager.h">
      <Filter>Header Files</Filter>
    </ClInclude>
    <ClInclude Include="core\SaveManager.h">
      <Filter>Header Files</Filter>
    </ClInclude>
    <ClInclude Include="core\SoundManager.h">
      <Filter>Header Files</Filter>
    </ClInclude>
    <ClInclude Include="core\Util.h">
      <Filter>Header Files</Filter>
    </ClInclude>
    <ClInclude Include="core\gamepad\GamePad.h">
      <Filter>Header Files</Filter>
    </ClInclude>
    <ClInclude Include="core\gamepad\GamePadButtons.h">
      <Filter>Header Files</Filter>
    </ClInclude>
    <ClInclude Include="core\gamepad\GamePadListener.h">
      <Filter>Header Files</Filter>
    </ClInclude>
    <ClInclude Include="inventory\EquipmentType.h">
      <Filter>Header Files</Filter>
    </ClInclude>
    <ClInclude Include="inventory\Inventory.h">
      <Filter>Header Files</Filter>
    </ClInclude>
    <ClInclude Include="inventory\Item.h">
      <Filter>Header Files</Filter>
    </ClInclude>
    <ClInclude Include="inventory\ShopManager.h">
      <Filter>Header Files</Filter>
    </ClInclude>
    <ClInclude Include="ui\UIAttributeMeter.h">
      <Filter>Header Files</Filter>
    </ClInclude>
    <ClInclude Include="ui\UIButton.h">
      <Filter>Header Files</Filter>
    </ClInclude>
    <ClInclude Include="ui\UIButtonListener.h">
      <Filter>Header Files</Filter>
    </ClInclude>
    <ClInclude Include="ui\UICommandPrompt.h">
      <Filter>Header Files</Filter>
    </ClInclude>
    <ClInclude Include="ui\UIElement.h">
      <Filter>Header Files</Filter>
    </ClInclude>
    <ClInclude Include="ui\UIHandler.h">
      <Filter>Header Files</Filter>
    </ClInclude>
    <ClInclude Include="ui\UIInventoryInterface.h">
      <Filter>Header Files</Filter>
    </ClInclude>
    <ClInclude Include="ui\UIMenu.h">
      <Filter>Header Files</Filter>
    </ClInclude>
    <ClInclude Include="ui\UIMessageDisplay.h">
      <Filter>Header Files</Filter>
    </ClInclude>
    <ClInclude Include="ui\UIShopInterface.h">
      <Filter>Header Files</Filter>
    </ClInclude>
    <ClInclude Include="ui\UITextField.h">
      <Filter>Header Files</Filter>
    </ClInclude>
    <ClInclude Include="world\Chunk.h">
      <Filter>Header Files</Filter>
    </ClInclude>
    <ClInclude Include="world\MobSpawnData.h">
      <Filter>Header Files</Filter>
    </ClInclude>
    <ClInclude Include="world\ParticleSystem.h">
      <Filter>Header Files</Filter>
    </ClInclude>
    <ClInclude Include="world\PerlinNoise.hpp">
      <Filter>Header Files</Filter>
    </ClInclude>
    <ClInclude Include="world\World.h">
      <Filter>Header Files</Filter>
    </ClInclude>
    <ClInclude Include="world\entities\Cactoid.h">
      <Filter>Header Files</Filter>
    </ClInclude>
    <ClInclude Include="world\entities\Cactus.h">
      <Filter>Header Files</Filter>
    </ClInclude>
    <ClInclude Include="world\entities\DamageParticle.h">
      <Filter>Header Files</Filter>
    </ClInclude>
    <ClInclude Include="world\entities\DroppedItem.h">
      <Filter>Header Files</Filter>
    </ClInclude>
    <ClInclude Include="world\entities\Entity.h">
      <Filter>Header Files</Filter>
    </ClInclude>
    <ClInclude Include="world\entities\EntityTypeId.h">
      <Filter>Header Files</Filter>
    </ClInclude>
    <ClInclude Include="world\entities\Frog.h">
      <Filter>Header Files</Filter>
    </ClInclude>
    <ClInclude Include="world\entities\LargeSavannaTree.h">
      <Filter>Header Files</Filter>
    </ClInclude>
    <ClInclude Include="world\entities\Penguin.h">
      <Filter>Header Files</Filter>
    </ClInclude>
    <ClInclude Include="world\entities\PlantMan.h">
      <Filter>Header Files</Filter>
    </ClInclude>
    <ClInclude Include="world\entities\Player.h">
      <Filter>Header Files</Filter>
    </ClInclude>
    <ClInclude Include="world\entities\ShopArrow.h">
      <Filter>Header Files</Filter>
    </ClInclude>
    <ClInclude Include="world\entities\ShopCounter.h">
      <Filter>Header Files</Filter>
    </ClInclude>
    <ClInclude Include="world\entities\ShopExterior.h">
      <Filter>Header Files</Filter>
    </ClInclude>
    <ClInclude Include="world\entities\ShopInterior.h">
      <Filter>Header Files</Filter>
    </ClInclude>
    <ClInclude Include="world\entities\ShopKeep.h">
      <Filter>Header Files</Filter>
    </ClInclude>
    <ClInclude Include="world\entities\SmallSavannaTree.h">
      <Filter>Header Files</Filter>
    </ClInclude>
    <ClInclude Include="world\entities\SmallTree.h">
      <Filter>Header Files</Filter>
    </ClInclude>
    <ClInclude Include="world\entities\SmallTundraTree.h">
      <Filter>Header Files</Filter>
    </ClInclude>
    <ClInclude Include="world\entities\SnowMan.h">
      <Filter>Header Files</Filter>
    </ClInclude>
    <ClInclude Include="world\entities\TallGrass.h">
      <Filter>Header Files</Filter>
    </ClInclude>
    <ClInclude Include="world\entities\Turtle.h">
      <Filter>Header Files</Filter>
    </ClInclude>
    <ClInclude Include="world\entities\Yeti.h">
      <Filter>Header Files</Filter>
    </ClInclude>
    <ClInclude Include="world\entities\orbiters\Orbiter.h">
      <Filter>Header Files</Filter>
    </ClInclude>
    <ClInclude Include="world\entities\orbiters\OrbiterType.h">
      <Filter>Header Files</Filter>
    </ClInclude>
    <ClInclude Include="world\entities\projectiles\Projectile.h">
      <Filter>Header Files</Filter>
    </ClInclude>
    <ClInclude Include="world\entities\projectiles\ProjectileData.h">
      <Filter>Header Files</Filter>
    </ClInclude>
    <ClInclude Include="world\entities\Dog.h">
      <Filter>Header Files</Filter>
    </ClInclude>
    <ClInclude Include="world\entities\Skeleton.h">
      <Filter>Header Files</Filter>
    </ClInclude>
    <ClInclude Include="resource.h">
      <Filter>Header Files</Filter>
    </ClInclude>
    <ClInclude Include="ui\UILabel.h">
      <Filter>Header Files</Filter>
    </ClInclude>
    <ClInclude Include="core\Tutorial.h">
      <Filter>Header Files</Filter>
    </ClInclude>
    <ClInclude Include="world\entities\Shark.h">
      <Filter>Header Files</Filter>
    </ClInclude>
    <ClInclude Include="soloud\audiosource\speech\darray.h">
      <Filter>Header Files</Filter>
    </ClInclude>
    <ClInclude Include="soloud\audiosource\speech\klatt.h">
      <Filter>Header Files</Filter>
    </ClInclude>
    <ClInclude Include="soloud\audiosource\speech\resonator.h">
      <Filter>Header Files</Filter>
    </ClInclude>
    <ClInclude Include="soloud\audiosource\speech\tts.h">
      <Filter>Header Files</Filter>
    </ClInclude>
    <ClInclude Include="soloud\audiosource\wav\dr_flac.h">
      <Filter>Header Files</Filter>
    </ClInclude>
    <ClInclude Include="soloud\audiosource\wav\dr_mp3.h">
      <Filter>Header Files</Filter>
    </ClInclude>
    <ClInclude Include="soloud\audiosource\wav\dr_wav.h">
      <Filter>Header Files</Filter>
    </ClInclude>
    <ClInclude Include="soloud\audiosource\wav\stb_vorbis.h">
      <Filter>Header Files</Filter>
    </ClInclude>
    <ClInclude Include="soloud\backend\miniaudio\miniaudio.h">
      <Filter>Header Files</Filter>
    </ClInclude>
    <ClInclude Include="core\ShaderManager.h">
      <Filter>Header Files</Filter>
    </ClInclude>
    <ClInclude Include="core\Versioning.h">
      <Filter>Header Files</Filter>
    </ClInclude>
    <ClInclude Include="world\entities\BarberExterior.h">
      <Filter>Header Files</Filter>
    </ClInclude>
    <ClInclude Include="world\entities\FingerTree.h">
      <Filter>Header Files</Filter>
    </ClInclude>
    <ClInclude Include="world\entities\BarberInterior.h">
      <Filter>Header Files</Filter>
    </ClInclude>
    <ClInclude Include="world\entities\BarberCounter.h">
      <Filter>Header Files</Filter>
    </ClInclude>
    <ClInclude Include="world\entities\BarberChair.h">
      <Filter>Header Files</Filter>
    </ClInclude>
    <ClInclude Include="world\TerrainColor.h">
      <Filter>Header Files</Filter>
    </ClInclude>
    <ClInclude Include="world\entities\HairyEntity.h">
      <Filter>Header Files</Filter>
    </ClInclude>
    <ClInclude Include="inventory\hair\Hairstyle.h">
      <Filter>Header Files</Filter>
    </ClInclude>
    <ClInclude Include="inventory\hair\HairType.h">
      <Filter>Header Files</Filter>
    </ClInclude>
    <ClInclude Include="world\entities\Cyclops.h">
      <Filter>Header Files</Filter>
    </ClInclude>
    <ClInclude Include="core\InputBindings.h">
      <Filter>Header Files</Filter>
    </ClInclude>
    <ClInclude Include="ui\UIGamepadBindingButton.h">
      <Filter>Header Files</Filter>
    </ClInclude>
    <ClInclude Include="ui\UIKeyboardBindingButton.h">
      <Filter>Header Files</Filter>
    </ClInclude>
    <ClInclude Include="world\entities\CheeseBoss.h">
      <Filter>Header Files</Filter>
    </ClInclude>
    <ClInclude Include="core\Logger.h">
      <Filter>Header Files</Filter>
    </ClInclude>
    <ClInclude Include="world\entities\Boss.h">
      <Filter>Header Files</Filter>
    </ClInclude>
    <ClInclude Include="statistics\StatManager.h">
      <Filter>Header Files</Filter>
    </ClInclude>
    <ClInclude Include="statistics\Statistic.h">
      <Filter>Header Files</Filter>
    </ClInclude>
    <ClInclude Include="inventory\WeaponAnimationConfig.h">
      <Filter>Header Files</Filter>
    </ClInclude>
    <ClInclude Include="world\entities\FleshChicken.h">
      <Filter>Header Files</Filter>
    </ClInclude>
    <ClInclude Include="world\entities\CannonBoss.h">
      <Filter>Header Files</Filter>
    </ClInclude>
    <ClInclude Include="statistics\AchievementManager.h">
      <Filter>Header Files</Filter>
    </ClInclude>
    <ClInclude Include="core\CrashDetector.h">
      <Filter>Header Files</Filter>
    </ClInclude>
    <ClInclude Include="inventory\abilities\Ability.h">
      <Filter>Header Files</Filter>
    </ClInclude>
    <ClInclude Include="inventory\abilities\AbilityManager.h">
      <Filter>Header Files</Filter>
    </ClInclude>
    <ClInclude Include="core\music\MusicManager.h">
      <Filter>Header Files</Filter>
    </ClInclude>
    <ClInclude Include="core\music\MusicSituation.h">
      <Filter>Header Files</Filter>
    </ClInclude>
    <ClInclude Include="world\entities\LogMonster.h">
      <Filter>Header Files</Filter>
    </ClInclude>
    <ClInclude Include="world\MobSpawnConfigs.h">
      <Filter>Header Files</Filter>
    </ClInclude>
    <ClInclude Include="world\entities\projectiles\ProjectilePoolManager.h">
      <Filter>Header Files</Filter>
    </ClInclude>
    <ClInclude Include="core\Viewport.h">
      <Filter>Header Files</Filter>
    </ClInclude>
    <ClInclude Include="world\entities\BoulderBeast.h">
      <Filter>Header Files</Filter>
    </ClInclude>
    <ClInclude Include="world\entities\TulipMonster.h">
      <Filter>Header Files</Filter>
    </ClInclude>
    <ClInclude Include="world\TerrainGenParameters.h">
      <Filter>Header Files</Filter>
    </ClInclude>
    <ClInclude Include="inventory\effect\PlayerVisualEffect.h">
      <Filter>Header Files</Filter>
    </ClInclude>
    <ClInclude Include="world\entities\projectiles\ProjectileDataManager.h">
      <Filter>Header Files</Filter>
    </ClInclude>
    <ClInclude Include="mod\ModManager.h">
      <Filter>Header Files</Filter>
    </ClInclude>
    <ClInclude Include="mod\Interpreter.h">
      <Filter>Header Files</Filter>
    </ClInclude>
    <ClInclude Include="mod\Instructions.h">
      <Filter>Header Files</Filter>
    </ClInclude>
    <ClInclude Include="inventory\effect\PlayerVisualEffectManager.h">
      <Filter>Header Files</Filter>
    </ClInclude>
    <ClInclude Include="world\entities\TreeBoss.h">
      <Filter>Header Files</Filter>
    </ClInclude>
    <ClInclude Include="world\entities\CreamBoss.h">
      <Filter>Header Files</Filter>
    </ClInclude>
    <ClInclude Include="world\entities\CreamDropper.h">
      <Filter>Header Files</Filter>
    </ClInclude>
    <ClInclude Include="world\entities\CreamDrop.h">
      <Filter>Header Files</Filter>
    </ClInclude>
    <ClInclude Include="world\entities\Altar.h">
      <Filter>Header Files</Filter>
    </ClInclude>
    <ClInclude Include="world\entities\AltarArrow.h">
      <Filter>Header Files</Filter>
    </ClInclude>
    <ClInclude Include="world\entities\Lightning.h">
      <Filter>Header Files</Filter>
    </ClInclude>
    <ClInclude Include="mod\ScriptExtensions.h">
      <Filter>Header Files</Filter>
    </ClInclude>
    <ClInclude Include="world\entities\ShopKeepCorpse.h">
      <Filter>Header Files</Filter>
    </ClInclude>
    <ClInclude Include="world\entities\ChefBoss.h">
      <Filter>Header Files</Filter>
    </ClInclude>
    <ClInclude Include="ui\UISlider.h">
      <Filter>Header Files</Filter>
    </ClInclude>
    <ClInclude Include="world\entities\BurgerBeast.h">
      <Filter>Header Files</Filter>
    </ClInclude>
    <ClInclude Include="world\entities\Explosion.h">
      <Filter>Header Files</Filter>
    </ClInclude>
    <ClInclude Include="world\entities\projectiles\ExplosionBehavior.h">
      <Filter>Header Files</Filter>
    </ClInclude>
    <ClInclude Include="world\entities\BombBoy.h">
      <Filter>Header Files</Filter>
    </ClInclude>
    <ClInclude Include="world\entities\MegaBombBoy.h">
      <Filter>Header Files</Filter>
    </ClInclude>
    <ClInclude Include="mod\byrgo\Bygro.h">
      <Filter>Header Files</Filter>
    </ClInclude>
    <ClInclude Include="mod\byrgo\Compiler.h">
      <Filter>Header Files</Filter>
    </ClInclude>
    <ClInclude Include="mod\byrgo\Expression.h">
      <Filter>Header Files</Filter>
    </ClInclude>
    <ClInclude Include="mod\byrgo\Parser.h">
      <Filter>Header Files</Filter>
    </ClInclude>
    <ClInclude Include="mod\byrgo\Tokenizer.h">
      <Filter>Header Files</Filter>
    </ClInclude>
    <ClInclude Include="world\entities\FallingNuke.h">
      <Filter>Header Files</Filter>
    </ClInclude>
    <ClInclude Include="world\entities\FallingObjectShadow.h">
      <Filter>Header Files</Filter>
    </ClInclude>
    <ClInclude Include="world\entities\Soldier.h">
      <Filter>Header Files</Filter>
    </ClInclude>
    <ClInclude Include="world\entities\BabyBoss.h">
      <Filter>Header Files</Filter>
    </ClInclude>
    <ClInclude Include="world\entities\BigSnowMan.h">
      <Filter>Header Files</Filter>
    </ClInclude>
    <ClInclude Include="world\entities\BeeFamiliar.h">
      <Filter>Header Files</Filter>
    </ClInclude>
    <ClInclude Include="world\entities\TeethBoss.h">
      <Filter>Header Files</Filter>
    </ClInclude>
    <ClInclude Include="inventory\ConditionalUnlockManager.h">
      <Filter>Header Files</Filter>
    </ClInclude>
    <ClInclude Include="ui\UIItemCatalogue.h">
      <Filter>Header Files</Filter>
    </ClInclude>
    <ClInclude Include="world\entities\ShopATM.h">
      <Filter>Header Files</Filter>
    </ClInclude>
    <ClInclude Include="world\entities\MushroomBoss.h">
      <Filter>Header Files</Filter>
    </ClInclude>
    <ClInclude Include="world\entities\SwellingShroom.h">
      <Filter>Header Files</Filter>
    </ClInclude>
    <ClInclude Include="world\entities\Spore.h">
      <Filter>Header Files</Filter>
    </ClInclude>
    <ClInclude Include="world\entities\SmallMushroom.h">
      <Filter>Header Files</Filter>
    </ClInclude>
    <ClInclude Include="world\entities\LargeMushroom.h">
      <Filter>Header Files</Filter>
    </ClInclude>
    <ClInclude Include="world\entities\Bouncer.h">
      <Filter>Header Files</Filter>
    </ClInclude>
  </ItemGroup>
  <ItemGroup>
    <ResourceCompile Include="UntitledRogueLike.rc">
      <Filter>Resource Files</Filter>
    </ResourceCompile>
  </ItemGroup>
  <ItemGroup>
    <Image Include="icon1.ico">
      <Filter>Resource Files</Filter>
    </Image>
  </ItemGroup>
  <ItemGroup>
    <None Include="soloud\audiosource\speech\Elements.def">
      <Filter>Source Files</Filter>
    </None>
  </ItemGroup>
</Project>